// !$*UTF8*$!
{
	archiveVersion = 1;
	classes = {
	};
	objectVersion = 46;
	objects = {

/* Begin PBXBuildFile section */
		63BB2A3DE85D00764A97E35A /* IDSoundSelectorViewController.m in Sources */ = {isa = PBXBuildFile; fileRef = 63BB2F16EFE3F995FE298555 /* IDSoundSelectorViewController.m */; };
		66D8DA291C4A6AF500401AEC /* Assets.xcassets in Resources */ = {isa = PBXBuildFile; fileRef = 66D8DA201C4A6AF500401AEC /* Assets.xcassets */; };
		66D8DA2A1C4A6AF500401AEC /* LaunchScreen.storyboard in Resources */ = {isa = PBXBuildFile; fileRef = 66D8DA211C4A6AF500401AEC /* LaunchScreen.storyboard */; };
		66D8DA2B1C4A6AF500401AEC /* Info.plist in Resources */ = {isa = PBXBuildFile; fileRef = 66D8DA241C4A6AF500401AEC /* Info.plist */; };
		66D8DA2C1C4A6AF500401AEC /* main.m in Sources */ = {isa = PBXBuildFile; fileRef = 66D8DA251C4A6AF500401AEC /* main.m */; };
		66D8DA2E1C4A6B8200401AEC /* IDAppDelegate.m in Sources */ = {isa = PBXBuildFile; fileRef = 66D8DA1E1C4A6AF500401AEC /* IDAppDelegate.m */; };
		FD0643266D695AE42BAEA616 /* libPods.a in Frameworks */ = {isa = PBXBuildFile; fileRef = C64C3A801D5EAA4949F732C2 /* libPods.a */; };
/* End PBXBuildFile section */

/* Begin PBXFileReference section */
		63BB2935A05E7A834790B0C3 /* IDSoundSelectorViewController.h */ = {isa = PBXFileReference; fileEncoding = 4; lastKnownFileType = sourcecode.c.h; path = IDSoundSelectorViewController.h; sourceTree = "<group>"; };
		63BB2F16EFE3F995FE298555 /* IDSoundSelectorViewController.m */ = {isa = PBXFileReference; fileEncoding = 4; lastKnownFileType = sourcecode.c.objc; path = IDSoundSelectorViewController.m; sourceTree = "<group>"; };
		66D8DA011C4A61DC00401AEC /* SoundTest.app */ = {isa = PBXFileReference; explicitFileType = wrapper.application; includeInIndex = 0; path = SoundTest.app; sourceTree = BUILT_PRODUCTS_DIR; };
		66D8DA1D1C4A6AF500401AEC /* IDAppDelegate.h */ = {isa = PBXFileReference; fileEncoding = 4; lastKnownFileType = sourcecode.c.h; path = IDAppDelegate.h; sourceTree = "<group>"; };
		66D8DA1E1C4A6AF500401AEC /* IDAppDelegate.m */ = {isa = PBXFileReference; fileEncoding = 4; lastKnownFileType = sourcecode.c.objc; path = IDAppDelegate.m; sourceTree = "<group>"; };
		66D8DA201C4A6AF500401AEC /* Assets.xcassets */ = {isa = PBXFileReference; lastKnownFileType = folder.assetcatalog; path = Assets.xcassets; sourceTree = "<group>"; };
		66D8DA221C4A6AF500401AEC /* Base */ = {isa = PBXFileReference; lastKnownFileType = file.storyboard; name = Base; path = Base.lproj/LaunchScreen.storyboard; sourceTree = "<group>"; };
		66D8DA241C4A6AF500401AEC /* Info.plist */ = {isa = PBXFileReference; fileEncoding = 4; lastKnownFileType = text.plist.xml; path = Info.plist; sourceTree = "<group>"; };
		66D8DA251C4A6AF500401AEC /* main.m */ = {isa = PBXFileReference; fileEncoding = 4; lastKnownFileType = sourcecode.c.objc; path = main.m; sourceTree = "<group>"; };
		8AC93E4B09BF1E0AE5717E2F /* Pods.release.xcconfig */ = {isa = PBXFileReference; includeInIndex = 1; lastKnownFileType = text.xcconfig; name = Pods.release.xcconfig; path = "Pods/Target Support Files/Pods/Pods.release.xcconfig"; sourceTree = "<group>"; };
		A3BA7CB304BA84121FA091BD /* Pods.debug.xcconfig */ = {isa = PBXFileReference; includeInIndex = 1; lastKnownFileType = text.xcconfig; name = Pods.debug.xcconfig; path = "Pods/Target Support Files/Pods/Pods.debug.xcconfig"; sourceTree = "<group>"; };
		C64C3A801D5EAA4949F732C2 /* libPods.a */ = {isa = PBXFileReference; explicitFileType = archive.ar; includeInIndex = 0; path = libPods.a; sourceTree = BUILT_PRODUCTS_DIR; };
/* End PBXFileReference section */

/* Begin PBXFrameworksBuildPhase section */
		66D8D9FE1C4A61DC00401AEC /* Frameworks */ = {
			isa = PBXFrameworksBuildPhase;
			buildActionMask = 2147483647;
			files = (
				FD0643266D695AE42BAEA616 /* libPods.a in Frameworks */,
			);
			runOnlyForDeploymentPostprocessing = 0;
		};
/* End PBXFrameworksBuildPhase section */

/* Begin PBXGroup section */
		09C59EA0A72DB7D74FBA50EF /* Pods */ = {
			isa = PBXGroup;
			children = (
				A3BA7CB304BA84121FA091BD /* Pods.debug.xcconfig */,
				8AC93E4B09BF1E0AE5717E2F /* Pods.release.xcconfig */,
			);
			name = Pods;
			sourceTree = "<group>";
		};
		63BB2A4CBC34D7CD24251F03 /* SoundSelector */ = {
			isa = PBXGroup;
			children = (
				63BB2F16EFE3F995FE298555 /* IDSoundSelectorViewController.m */,
				63BB2935A05E7A834790B0C3 /* IDSoundSelectorViewController.h */,
			);
			path = SoundSelector;
			sourceTree = "<group>";
		};
		63BB2D60E75031913A2106ED /* ViewControllers */ = {
			isa = PBXGroup;
			children = (
				63BB2A4CBC34D7CD24251F03 /* SoundSelector */,
			);
			path = ViewControllers;
			sourceTree = "<group>";
		};
		66C2AE0641056BEA976A48EF /* Frameworks */ = {
			isa = PBXGroup;
			children = (
				C64C3A801D5EAA4949F732C2 /* libPods.a */,
			);
			name = Frameworks;
			sourceTree = "<group>";
		};
		66D8D9F81C4A61DC00401AEC = {
			isa = PBXGroup;
			children = (
				66D8DA1B1C4A6AF500401AEC /* SoundTest */,
				66D8DA021C4A61DC00401AEC /* Products */,
				09C59EA0A72DB7D74FBA50EF /* Pods */,
				66C2AE0641056BEA976A48EF /* Frameworks */,
			);
			sourceTree = "<group>";
		};
		66D8DA021C4A61DC00401AEC /* Products */ = {
			isa = PBXGroup;
			children = (
				66D8DA011C4A61DC00401AEC /* SoundTest.app */,
			);
			name = Products;
			sourceTree = "<group>";
		};
		66D8DA1B1C4A6AF500401AEC /* SoundTest */ = {
			isa = PBXGroup;
			children = (
				66D8DA1C1C4A6AF500401AEC /* AppDelegate */,
				66D8DA1F1C4A6AF500401AEC /* Resources */,
				66D8DA231C4A6AF500401AEC /* Supporting Files */,
				63BB2D60E75031913A2106ED /* ViewControllers */,
			);
			path = SoundTest;
			sourceTree = "<group>";
		};
		66D8DA1C1C4A6AF500401AEC /* AppDelegate */ = {
			isa = PBXGroup;
			children = (
				66D8DA1D1C4A6AF500401AEC /* IDAppDelegate.h */,
				66D8DA1E1C4A6AF500401AEC /* IDAppDelegate.m */,
			);
			path = AppDelegate;
			sourceTree = "<group>";
		};
		66D8DA1F1C4A6AF500401AEC /* Resources */ = {
			isa = PBXGroup;
			children = (
				66D8DA201C4A6AF500401AEC /* Assets.xcassets */,
				66D8DA211C4A6AF500401AEC /* LaunchScreen.storyboard */,
			);
			path = Resources;
			sourceTree = "<group>";
		};
		66D8DA231C4A6AF500401AEC /* Supporting Files */ = {
			isa = PBXGroup;
			children = (
				66D8DA241C4A6AF500401AEC /* Info.plist */,
				66D8DA251C4A6AF500401AEC /* main.m */,
			);
			path = "Supporting Files";
			sourceTree = "<group>";
		};
/* End PBXGroup section */

/* Begin PBXNativeTarget section */
		66D8DA001C4A61DC00401AEC /* SoundTest */ = {
			isa = PBXNativeTarget;
			buildConfigurationList = 66D8DA181C4A61DC00401AEC /* Build configuration list for PBXNativeTarget "SoundTest" */;
			buildPhases = (
				CCBD13003CCBEB098CBD7FFD /* Check Pods Manifest.lock */,
				66D8D9FD1C4A61DC00401AEC /* Sources */,
				66D8D9FE1C4A61DC00401AEC /* Frameworks */,
				66D8D9FF1C4A61DC00401AEC /* Resources */,
				6E47E7C5143137B85335564A /* Embed Pods Frameworks */,
				24A1A2A366E06817C85AE9F6 /* Copy Pods Resources */,
			);
			buildRules = (
			);
			dependencies = (
			);
			name = SoundTest;
			productName = SoundTest;
			productReference = 66D8DA011C4A61DC00401AEC /* SoundTest.app */;
			productType = "com.apple.product-type.application";
		};
/* End PBXNativeTarget section */

/* Begin PBXProject section */
		66D8D9F91C4A61DC00401AEC /* Project object */ = {
			isa = PBXProject;
			attributes = {
				LastUpgradeCheck = 0720;
				ORGANIZATIONNAME = "Ignacio Delgado";
				TargetAttributes = {
					66D8DA001C4A61DC00401AEC = {
						CreatedOnToolsVersion = 7.2;
					};
				};
			};
			buildConfigurationList = 66D8D9FC1C4A61DC00401AEC /* Build configuration list for PBXProject "SoundTest" */;
			compatibilityVersion = "Xcode 3.2";
			developmentRegion = English;
			hasScannedForEncodings = 0;
			knownRegions = (
				en,
				Base,
			);
			mainGroup = 66D8D9F81C4A61DC00401AEC;
			productRefGroup = 66D8DA021C4A61DC00401AEC /* Products */;
			projectDirPath = "";
			projectRoot = "";
			targets = (
				66D8DA001C4A61DC00401AEC /* SoundTest */,
			);
		};
/* End PBXProject section */

/* Begin PBXResourcesBuildPhase section */
		66D8D9FF1C4A61DC00401AEC /* Resources */ = {
			isa = PBXResourcesBuildPhase;
			buildActionMask = 2147483647;
			files = (
				66D8DA291C4A6AF500401AEC /* Assets.xcassets in Resources */,
				66D8DA2A1C4A6AF500401AEC /* LaunchScreen.storyboard in Resources */,
				66D8DA2B1C4A6AF500401AEC /* Info.plist in Resources */,
			);
			runOnlyForDeploymentPostprocessing = 0;
		};
/* End PBXResourcesBuildPhase section */

/* Begin PBXShellScriptBuildPhase section */
		24A1A2A366E06817C85AE9F6 /* Copy Pods Resources */ = {
			isa = PBXShellScriptBuildPhase;
			buildActionMask = 2147483647;
			files = (
			);
			inputPaths = (
			);
			name = "Copy Pods Resources";
			outputPaths = (
			);
			runOnlyForDeploymentPostprocessing = 0;
			shellPath = /bin/sh;
			shellScript = "\"${SRCROOT}/Pods/Target Support Files/Pods/Pods-resources.sh\"\n";
			showEnvVarsInLog = 0;
		};
		6E47E7C5143137B85335564A /* Embed Pods Frameworks */ = {
			isa = PBXShellScriptBuildPhase;
			buildActionMask = 2147483647;
			files = (
			);
			inputPaths = (
			);
			name = "Embed Pods Frameworks";
			outputPaths = (
			);
			runOnlyForDeploymentPostprocessing = 0;
			shellPath = /bin/sh;
			shellScript = "\"${SRCROOT}/Pods/Target Support Files/Pods/Pods-frameworks.sh\"\n";
			showEnvVarsInLog = 0;
		};
		CCBD13003CCBEB098CBD7FFD /* Check Pods Manifest.lock */ = {
			isa = PBXShellScriptBuildPhase;
			buildActionMask = 2147483647;
			files = (
			);
			inputPaths = (
			);
			name = "Check Pods Manifest.lock";
			outputPaths = (
			);
			runOnlyForDeploymentPostprocessing = 0;
			shellPath = /bin/sh;
			shellScript = "diff \"${PODS_ROOT}/../Podfile.lock\" \"${PODS_ROOT}/Manifest.lock\" > /dev/null\nif [[ $? != 0 ]] ; then\n    cat << EOM\nerror: The sandbox is not in sync with the Podfile.lock. Run 'pod install' or update your CocoaPods installation.\nEOM\n    exit 1\nfi\n";
			showEnvVarsInLog = 0;
		};
/* End PBXShellScriptBuildPhase section */

/* Begin PBXSourcesBuildPhase section */
		66D8D9FD1C4A61DC00401AEC /* Sources */ = {
			isa = PBXSourcesBuildPhase;
			buildActionMask = 2147483647;
			files = (
				66D8DA2C1C4A6AF500401AEC /* main.m in Sources */,
				66D8DA2E1C4A6B8200401AEC /* IDAppDelegate.m in Sources */,
				63BB2A3DE85D00764A97E35A /* IDSoundSelectorViewController.m in Sources */,
			);
			runOnlyForDeploymentPostprocessing = 0;
		};
/* End PBXSourcesBuildPhase section */

/* Begin PBXVariantGroup section */
		66D8DA211C4A6AF500401AEC /* LaunchScreen.storyboard */ = {
			isa = PBXVariantGroup;
			children = (
				66D8DA221C4A6AF500401AEC /* Base */,
			);
			name = LaunchScreen.storyboard;
			sourceTree = "<group>";
		};
/* End PBXVariantGroup section */

/* Begin XCBuildConfiguration section */
		66D8DA161C4A61DC00401AEC /* Debug */ = {
			isa = XCBuildConfiguration;
			buildSettings = {
				ALWAYS_SEARCH_USER_PATHS = NO;
				CLANG_CXX_LANGUAGE_STANDARD = "gnu++0x";
				CLANG_CXX_LIBRARY = "libc++";
				CLANG_ENABLE_MODULES = YES;
				CLANG_ENABLE_OBJC_ARC = YES;
				CLANG_WARN_BOOL_CONVERSION = YES;
				CLANG_WARN_CONSTANT_CONVERSION = YES;
				CLANG_WARN_DIRECT_OBJC_ISA_USAGE = YES_ERROR;
				CLANG_WARN_EMPTY_BODY = YES;
				CLANG_WARN_ENUM_CONVERSION = YES;
				CLANG_WARN_INT_CONVERSION = YES;
				CLANG_WARN_OBJC_ROOT_CLASS = YES_ERROR;
				CLANG_WARN_UNREACHABLE_CODE = YES;
				CLANG_WARN__DUPLICATE_METHOD_MATCH = YES;
				"CODE_SIGN_IDENTITY[sdk=iphoneos*]" = "iPhone Developer";
				COPY_PHASE_STRIP = NO;
				DEBUG_INFORMATION_FORMAT = dwarf;
				ENABLE_STRICT_OBJC_MSGSEND = YES;
				ENABLE_TESTABILITY = YES;
				GCC_C_LANGUAGE_STANDARD = gnu99;
				GCC_DYNAMIC_NO_PIC = NO;
				GCC_NO_COMMON_BLOCKS = YES;
				GCC_OPTIMIZATION_LEVEL = 0;
				GCC_PREPROCESSOR_DEFINITIONS = (
					"DEBUG=1",
					"$(inherited)",
				);
				GCC_WARN_64_TO_32_BIT_CONVERSION = YES;
				GCC_WARN_ABOUT_RETURN_TYPE = YES_ERROR;
				GCC_WARN_UNDECLARED_SELECTOR = YES;
				GCC_WARN_UNINITIALIZED_AUTOS = YES_AGGRESSIVE;
				GCC_WARN_UNUSED_FUNCTION = YES;
				GCC_WARN_UNUSED_VARIABLE = YES;
				IPHONEOS_DEPLOYMENT_TARGET = 7.0;
				MTL_ENABLE_DEBUG_INFO = YES;
				ONLY_ACTIVE_ARCH = YES;
				SDKROOT = iphoneos;
			};
			name = Debug;
		};
		66D8DA171C4A61DC00401AEC /* Release */ = {
			isa = XCBuildConfiguration;
			buildSettings = {
				ALWAYS_SEARCH_USER_PATHS = NO;
				CLANG_CXX_LANGUAGE_STANDARD = "gnu++0x";
				CLANG_CXX_LIBRARY = "libc++";
				CLANG_ENABLE_MODULES = YES;
				CLANG_ENABLE_OBJC_ARC = YES;
				CLANG_WARN_BOOL_CONVERSION = YES;
				CLANG_WARN_CONSTANT_CONVERSION = YES;
				CLANG_WARN_DIRECT_OBJC_ISA_USAGE = YES_ERROR;
				CLANG_WARN_EMPTY_BODY = YES;
				CLANG_WARN_ENUM_CONVERSION = YES;
				CLANG_WARN_INT_CONVERSION = YES;
				CLANG_WARN_OBJC_ROOT_CLASS = YES_ERROR;
				CLANG_WARN_UNREACHABLE_CODE = YES;
				CLANG_WARN__DUPLICATE_METHOD_MATCH = YES;
				"CODE_SIGN_IDENTITY[sdk=iphoneos*]" = "iPhone Developer";
				COPY_PHASE_STRIP = NO;
				DEBUG_INFORMATION_FORMAT = "dwarf-with-dsym";
				ENABLE_NS_ASSERTIONS = NO;
				ENABLE_STRICT_OBJC_MSGSEND = YES;
				GCC_C_LANGUAGE_STANDARD = gnu99;
				GCC_NO_COMMON_BLOCKS = YES;
				GCC_WARN_64_TO_32_BIT_CONVERSION = YES;
				GCC_WARN_ABOUT_RETURN_TYPE = YES_ERROR;
				GCC_WARN_UNDECLARED_SELECTOR = YES;
				GCC_WARN_UNINITIALIZED_AUTOS = YES_AGGRESSIVE;
				GCC_WARN_UNUSED_FUNCTION = YES;
				GCC_WARN_UNUSED_VARIABLE = YES;
				IPHONEOS_DEPLOYMENT_TARGET = 7.0;
				MTL_ENABLE_DEBUG_INFO = NO;
				SDKROOT = iphoneos;
				VALIDATE_PRODUCT = YES;
			};
			name = Release;
		};
		66D8DA191C4A61DC00401AEC /* Debug */ = {
			isa = XCBuildConfiguration;
			baseConfigurationReference = A3BA7CB304BA84121FA091BD /* Pods.debug.xcconfig */;
			buildSettings = {
				ASSETCATALOG_COMPILER_APPICON_NAME = AppIcon;
				INFOPLIST_FILE = "SoundTest/Supporting Files/Info.plist";
				LD_RUNPATH_SEARCH_PATHS = "$(inherited) @executable_path/Frameworks";
				PRODUCT_BUNDLE_IDENTIFIER = es.idc.SoundTest;
				PRODUCT_NAME = "$(TARGET_NAME)";
			};
			name = Debug;
		};
		66D8DA1A1C4A61DC00401AEC /* Release */ = {
			isa = XCBuildConfiguration;
			baseConfigurationReference = 8AC93E4B09BF1E0AE5717E2F /* Pods.release.xcconfig */;
			buildSettings = {
				ASSETCATALOG_COMPILER_APPICON_NAME = AppIcon;
				INFOPLIST_FILE = "SoundTest/Supporting Files/Info.plist";
				LD_RUNPATH_SEARCH_PATHS = "$(inherited) @executable_path/Frameworks";
				PRODUCT_BUNDLE_IDENTIFIER = es.idc.SoundTest;
				PRODUCT_NAME = "$(TARGET_NAME)";
			};
			name = Release;
		};
/* End XCBuildConfiguration section */

/* Begin XCConfigurationList section */
		66D8D9FC1C4A61DC00401AEC /* Build configuration list for PBXProject "SoundTest" */ = {
			isa = XCConfigurationList;
			buildConfigurations = (
				66D8DA161C4A61DC00401AEC /* Debug */,
				66D8DA171C4A61DC00401AEC /* Release */,
			);
			defaultConfigurationIsVisible = 0;
			defaultConfigurationName = Release;
		};
		66D8DA181C4A61DC00401AEC /* Build configuration list for PBXNativeTarget "SoundTest" */ = {
			isa = XCConfigurationList;
			buildConfigurations = (
				66D8DA191C4A61DC00401AEC /* Debug */,
				66D8DA1A1C4A61DC00401AEC /* Release */,
			);
			defaultConfigurationIsVisible = 0;
			defaultConfigurationName = Release;
		};
/* End XCConfigurationList section */
	};
	rootObject = 66D8D9F91C4A61DC00401AEC /* Project object */;
}
